{
  "name": "solei",
  "version": "1.0.1",
  "lockfileVersion": 2,
  "requires": true,
  "packages": {
    "": {
      "name": "solei",
      "version": "1.0.1",
      "license": "ISC",
      "dependencies": {
        "@types/koa": "^2.13.4",
        "@types/koa-router": "^7.4.4",
        "@types/koa-static": "^4.0.2",
        "@types/ws": "^8.5.3",
        "commander": "^9.2.0",
        "express": "^4.18.1",
        "koa": "^2.13.4",
        "koa-history-api-fallback": "^1.0.0",
        "koa-router": "^10.1.1",
        "koa-static": "^5.0.0",
        "portfinder": "^1.0.28",
        "ws": "^8.6.0"
      },
      "bin": {
        "solei": "bin/solei.js"
      },
      "devDependencies": {
        "@types/express": "^4.17.13"
      }
    },
    "../../node_modules/.pnpm/@types+koa-router@7.4.4/node_modules/@types/koa-router": {
      "version": "7.4.4",
      "license": "MIT",
      "dependencies": {
        "@types/koa": "*"
      }
    },
    "../../node_modules/.pnpm/@types+koa-static@4.0.2/node_modules/@types/koa-static": {
      "version": "4.0.2",
      "license": "MIT",
      "dependencies": {
        "@types/koa": "*",
        "@types/koa-send": "*"
      }
    },
    "../../node_modules/.pnpm/@types+koa@2.13.4/node_modules/@types/koa": {
      "version": "2.13.4",
      "license": "MIT",
      "dependencies": {
        "@types/accepts": "*",
        "@types/content-disposition": "*",
        "@types/cookies": "*",
        "@types/http-assert": "*",
        "@types/http-errors": "*",
        "@types/keygrip": "*",
        "@types/koa-compose": "*",
        "@types/node": "*"
      }
    },
    "../../node_modules/.pnpm/@types+ws@8.5.3/node_modules/@types/ws": {
      "version": "8.5.3",
      "license": "MIT",
      "dependencies": {
        "@types/node": "*"
      }
    },
    "../../node_modules/.pnpm/commander@9.2.0/node_modules/commander": {
      "version": "9.2.0",
      "license": "MIT",
      "devDependencies": {
        "@types/jest": "^27.0.3",
        "@types/node": "^16.11.15",
        "@typescript-eslint/eslint-plugin": "^4.33.0",
        "@typescript-eslint/parser": "^4.27.0",
        "eslint": "^7.29.0",
        "eslint-config-standard": "^16.0.3",
        "eslint-config-standard-with-typescript": "^21.0.1",
        "eslint-plugin-import": "^2.25.3",
        "eslint-plugin-jest": "^24.3.6",
        "eslint-plugin-node": "^11.1.0",
        "eslint-plugin-promise": "^5.2.0",
        "jest": "^27.0.4",
        "ts-jest": "^27.0.3",
        "tsd": "^0.17.0",
        "typescript": "^4.3.4"
      },
      "engines": {
        "node": "^12.20.0 || >=14"
      }
    },
    "../../node_modules/.pnpm/express@4.18.1/node_modules/express": {
      "version": "4.18.1",
      "license": "MIT",
      "dependencies": {
        "accepts": "~1.3.8",
        "array-flatten": "1.1.1",
        "body-parser": "1.20.0",
        "content-disposition": "0.5.4",
        "content-type": "~1.0.4",
        "cookie": "0.5.0",
        "cookie-signature": "1.0.6",
        "debug": "2.6.9",
        "depd": "2.0.0",
        "encodeurl": "~1.0.2",
        "escape-html": "~1.0.3",
        "etag": "~1.8.1",
        "finalhandler": "1.2.0",
        "fresh": "0.5.2",
        "http-errors": "2.0.0",
        "merge-descriptors": "1.0.1",
        "methods": "~1.1.2",
        "on-finished": "2.4.1",
        "parseurl": "~1.3.3",
        "path-to-regexp": "0.1.7",
        "proxy-addr": "~2.0.7",
        "qs": "6.10.3",
        "range-parser": "~1.2.1",
        "safe-buffer": "5.2.1",
        "send": "0.18.0",
        "serve-static": "1.15.0",
        "setprototypeof": "1.2.0",
        "statuses": "2.0.1",
        "type-is": "~1.6.18",
        "utils-merge": "1.0.1",
        "vary": "~1.1.2"
      },
      "devDependencies": {
        "after": "0.8.2",
        "connect-redis": "3.4.2",
        "cookie-parser": "1.4.6",
        "cookie-session": "2.0.0",
        "ejs": "3.1.7",
        "eslint": "7.32.0",
        "express-session": "1.17.2",
        "hbs": "4.2.0",
        "marked": "0.7.0",
        "method-override": "3.0.0",
        "mocha": "9.2.2",
        "morgan": "1.10.0",
        "multiparty": "4.2.3",
        "nyc": "15.1.0",
        "pbkdf2-password": "1.2.1",
        "supertest": "6.2.3",
        "vhost": "~3.0.2"
      },
      "engines": {
        "node": ">= 0.10.0"
      }
    },
    "../../node_modules/.pnpm/koa-history-api-fallback@1.0.0/node_modules/koa-history-api-fallback": {
      "version": "1.0.0",
      "license": "MIT",
      "engines": {
        "node": ">=0.8"
      }
    },
    "../../node_modules/.pnpm/koa-router@10.1.1/node_modules/koa-router": {
      "version": "10.1.1",
      "license": "MIT",
      "dependencies": {
        "debug": "^4.1.1",
        "http-errors": "^1.7.3",
        "koa-compose": "^4.1.0",
        "methods": "^1.1.2",
        "path-to-regexp": "^6.1.0"
      },
      "devDependencies": {
        "@ladjs/env": "^1.0.0",
        "expect.js": "^0.3.1",
        "jsdoc-to-markdown": "^5.0.3",
        "koa": "^2.11.0",
        "mocha": "^7.0.1",
        "nyc": "^15.0.0",
        "should": "^13.2.3",
        "supertest": "^4.0.2",
        "wrk": "^1.2.0"
      },
      "engines": {
        "node": ">= 8.0.0"
      }
    },
    "../../node_modules/.pnpm/koa-static@5.0.0/node_modules/koa-static": {
      "version": "5.0.0",
      "license": "MIT",
      "dependencies": {
        "debug": "^3.1.0",
        "koa-send": "^5.0.0"
      },
      "devDependencies": {
        "eslint": "^4.19.1",
        "eslint-config-standard": "^11.0.0",
        "eslint-plugin-import": "^2.12.0",
        "eslint-plugin-node": "^6.0.1",
        "eslint-plugin-promise": "^3.8.0",
        "eslint-plugin-standard": "^3.1.0",
        "istanbul": "^0.4.5",
        "koa": "^2.5.1",
        "mocha": "^5.2.0",
        "supertest": "^3.1.0"
      },
      "engines": {
        "node": ">= 7.6.0"
      }
    },
    "../../node_modules/.pnpm/koa@2.13.4/node_modules/koa": {
      "version": "2.13.4",
      "license": "MIT",
      "dependencies": {
        "accepts": "^1.3.5",
        "cache-content-type": "^1.0.0",
        "content-disposition": "~0.5.2",
        "content-type": "^1.0.4",
        "cookies": "~0.8.0",
        "debug": "^4.3.2",
        "delegates": "^1.0.0",
        "depd": "^2.0.0",
        "destroy": "^1.0.4",
        "encodeurl": "^1.0.2",
        "escape-html": "^1.0.3",
        "fresh": "~0.5.2",
        "http-assert": "^1.3.0",
        "http-errors": "^1.6.3",
        "is-generator-function": "^1.0.7",
        "koa-compose": "^4.1.0",
        "koa-convert": "^2.0.0",
        "on-finished": "^2.3.0",
        "only": "~0.0.2",
        "parseurl": "^1.3.2",
        "statuses": "^1.5.0",
        "type-is": "^1.6.16",
        "vary": "^1.1.2"
      },
      "devDependencies": {
        "eslint": "^7.32.0",
        "eslint-config-koa": "^2.0.0",
        "eslint-config-standard": "^16.0.3",
        "eslint-plugin-import": "^2.18.2",
        "eslint-plugin-node": "^11.1.0",
        "eslint-plugin-promise": "^5.1.0",
        "eslint-plugin-standard": "^5.0.0",
        "gen-esm-wrapper": "^1.0.6",
        "jest": "^27.0.6",
        "supertest": "^3.1.0"
      },
      "engines": {
        "node": "^4.8.4 || ^6.10.1 || ^7.10.1 || >= 8.1.4"
      }
    },
    "../../node_modules/.pnpm/portfinder@1.0.28/node_modules/portfinder": {
      "version": "1.0.28",
      "license": "MIT",
      "dependencies": {
        "async": "^2.6.2",
        "debug": "^3.1.1",
        "mkdirp": "^0.5.5"
      },
      "devDependencies": {
        "glob": "^7.1.4",
        "vows": "^0.8.2"
      },
      "engines": {
        "node": ">= 0.12.0"
      }
    },
    "../../node_modules/.pnpm/ws@8.6.0/node_modules/ws": {
      "version": "8.6.0",
      "license": "MIT",
      "devDependencies": {
        "benchmark": "^2.1.4",
        "bufferutil": "^4.0.1",
        "eslint": "^8.0.0",
        "eslint-config-prettier": "^8.1.0",
        "eslint-plugin-prettier": "^4.0.0",
        "mocha": "^8.4.0",
        "nyc": "^15.0.0",
        "prettier": "^2.0.5",
        "utf-8-validate": "^5.0.2"
      },
      "engines": {
        "node": ">=10.0.0"
      },
      "peerDependencies": {
        "bufferutil": "^4.0.1",
        "utf-8-validate": "^5.0.2"
      },
      "peerDependenciesMeta": {
        "bufferutil": {
          "optional": true
        },
        "utf-8-validate": {
          "optional": true
        }
      }
    },
    "node_modules/@types/body-parser": {
      "version": "1.19.2",
      "resolved": "https://registry.npmjs.org/@types/body-parser/-/body-parser-1.19.2.tgz",
      "integrity": "sha512-ALYone6pm6QmwZoAgeyNksccT9Q4AWZQ6PvfwR37GT6r6FWUPguq6sUmNGSMV2Wr761oQoBxwGGa6DR5o1DC9g==",
      "dev": true,
      "dependencies": {
        "@types/connect": "*",
        "@types/node": "*"
      }
    },
    "node_modules/@types/connect": {
      "version": "3.4.35",
      "resolved": "https://registry.npmjs.org/@types/connect/-/connect-3.4.35.tgz",
      "integrity": "sha512-cdeYyv4KWoEgpBISTxWvqYsVy444DOqehiF3fM3ne10AmJ62RSyNkUnxMJXHQWRQQX2eR94m5y1IZyDwBjV9FQ==",
      "dev": true,
      "dependencies": {
        "@types/node": "*"
      }
    },
    "node_modules/@types/express": {
      "version": "4.17.13",
      "resolved": "https://registry.npmjs.org/@types/express/-/express-4.17.13.tgz",
      "integrity": "sha512-6bSZTPaTIACxn48l50SR+axgrqm6qXFIxrdAKaG6PaJk3+zuUr35hBlgT7vOmJcum+OEaIBLtHV/qloEAFITeA==",
      "dev": true,
      "dependencies": {
        "@types/body-parser": "*",
        "@types/express-serve-static-core": "^4.17.18",
        "@types/qs": "*",
        "@types/serve-static": "*"
      }
    },
    "node_modules/@types/express-serve-static-core": {
      "version": "4.17.28",
      "resolved": "https://registry.npmjs.org/@types/express-serve-static-core/-/express-serve-static-core-4.17.28.tgz",
      "integrity": "sha512-P1BJAEAW3E2DJUlkgq4tOL3RyMunoWXqbSCygWo5ZIWTjUgN1YnaXWW4VWl/oc8vs/XoYibEGBKP0uZyF4AHig==",
      "dev": true,
      "dependencies": {
        "@types/node": "*",
        "@types/qs": "*",
        "@types/range-parser": "*"
      }
    },
    "node_modules/@types/koa": {
      "resolved": "../../node_modules/.pnpm/@types+koa@2.13.4/node_modules/@types/koa",
      "link": true
    },
    "node_modules/@types/koa-router": {
      "resolved": "../../node_modules/.pnpm/@types+koa-router@7.4.4/node_modules/@types/koa-router",
      "link": true
    },
    "node_modules/@types/koa-static": {
      "resolved": "../../node_modules/.pnpm/@types+koa-static@4.0.2/node_modules/@types/koa-static",
      "link": true
    },
    "node_modules/@types/mime": {
      "version": "1.3.2",
      "resolved": "https://registry.npmjs.org/@types/mime/-/mime-1.3.2.tgz",
      "integrity": "sha512-YATxVxgRqNH6nHEIsvg6k2Boc1JHI9ZbH5iWFFv/MTkchz3b1ieGDa5T0a9RznNdI0KhVbdbWSN+KWWrQZRxTw==",
      "dev": true
    },
    "node_modules/@types/node": {
      "version": "17.0.31",
      "resolved": "https://registry.npmjs.org/@types/node/-/node-17.0.31.tgz",
      "integrity": "sha512-AR0x5HbXGqkEx9CadRH3EBYx/VkiUgZIhP4wvPn/+5KIsgpNoyFaRlVe0Zlx9gRtg8fA06a9tskE2MSN7TcG4Q==",
      "dev": true
    },
    "node_modules/@types/qs": {
      "version": "6.9.7",
      "resolved": "https://registry.npmjs.org/@types/qs/-/qs-6.9.7.tgz",
      "integrity": "sha512-FGa1F62FT09qcrueBA6qYTrJPVDzah9a+493+o2PCXsesWHIn27G98TsSMs3WPNbZIEj4+VJf6saSFpvD+3Zsw==",
      "dev": true
    },
    "node_modules/@types/range-parser": {
      "version": "1.2.4",
      "resolved": "https://registry.npmjs.org/@types/range-parser/-/range-parser-1.2.4.tgz",
      "integrity": "sha512-EEhsLsD6UsDM1yFhAvy0Cjr6VwmpMWqFBCb9w07wVugF7w9nfajxLuVmngTIpgS6svCnm6Vaw+MZhoDCKnOfsw==",
      "dev": true
    },
    "node_modules/@types/serve-static": {
      "version": "1.13.10",
      "resolved": "https://registry.npmjs.org/@types/serve-static/-/serve-static-1.13.10.tgz",
      "integrity": "sha512-nCkHGI4w7ZgAdNkrEu0bv+4xNV/XDqW+DydknebMOQwkpDGx8G+HTlj7R7ABI8i8nKxVw0wtKPi1D+lPOkh4YQ==",
      "dev": true,
      "dependencies": {
        "@types/mime": "^1",
        "@types/node": "*"
      }
    },
    "node_modules/@types/ws": {
      "resolved": "../../node_modules/.pnpm/@types+ws@8.5.3/node_modules/@types/ws",
      "link": true
    },
    "node_modules/commander": {
      "resolved": "../../node_modules/.pnpm/commander@9.2.0/node_modules/commander",
      "link": true
    },
    "node_modules/express": {
      "resolved": "../../node_modules/.pnpm/express@4.18.1/node_modules/express",
      "link": true
    },
    "node_modules/koa": {
      "resolved": "../../node_modules/.pnpm/koa@2.13.4/node_modules/koa",
      "link": true
    },
    "node_modules/koa-history-api-fallback": {
      "resolved": "../../node_modules/.pnpm/koa-history-api-fallback@1.0.0/node_modules/koa-history-api-fallback",
      "link": true
    },
    "node_modules/koa-router": {
      "resolved": "../../node_modules/.pnpm/koa-router@10.1.1/node_modules/koa-router",
      "link": true
    },
    "node_modules/koa-static": {
      "resolved": "../../node_modules/.pnpm/koa-static@5.0.0/node_modules/koa-static",
      "link": true
    },
    "node_modules/portfinder": {
      "resolved": "../../node_modules/.pnpm/portfinder@1.0.28/node_modules/portfinder",
      "link": true
    },
    "node_modules/ws": {
      "resolved": "../../node_modules/.pnpm/ws@8.6.0/node_modules/ws",
      "link": true
    }
  },
  "dependencies": {
    "@types/body-parser": {
      "version": "1.19.2",
      "resolved": "https://registry.npmjs.org/@types/body-parser/-/body-parser-1.19.2.tgz",
      "integrity": "sha512-ALYone6pm6QmwZoAgeyNksccT9Q4AWZQ6PvfwR37GT6r6FWUPguq6sUmNGSMV2Wr761oQoBxwGGa6DR5o1DC9g==",
      "dev": true,
      "requires": {
        "@types/connect": "*",
        "@types/node": "*"
      }
    },
    "@types/connect": {
      "version": "3.4.35",
      "resolved": "https://registry.npmjs.org/@types/connect/-/connect-3.4.35.tgz",
      "integrity": "sha512-cdeYyv4KWoEgpBISTxWvqYsVy444DOqehiF3fM3ne10AmJ62RSyNkUnxMJXHQWRQQX2eR94m5y1IZyDwBjV9FQ==",
      "dev": true,
      "requires": {
        "@types/node": "*"
      }
    },
    "@types/express": {
      "version": "4.17.13",
      "resolved": "https://registry.npmjs.org/@types/express/-/express-4.17.13.tgz",
      "integrity": "sha512-6bSZTPaTIACxn48l50SR+axgrqm6qXFIxrdAKaG6PaJk3+zuUr35hBlgT7vOmJcum+OEaIBLtHV/qloEAFITeA==",
      "dev": true,
      "requires": {
        "@types/body-parser": "*",
        "@types/express-serve-static-core": "^4.17.18",
        "@types/qs": "*",
        "@types/serve-static": "*"
      }
    },
    "@types/express-serve-static-core": {
      "version": "4.17.28",
      "resolved": "https://registry.npmjs.org/@types/express-serve-static-core/-/express-serve-static-core-4.17.28.tgz",
      "integrity": "sha512-P1BJAEAW3E2DJUlkgq4tOL3RyMunoWXqbSCygWo5ZIWTjUgN1YnaXWW4VWl/oc8vs/XoYibEGBKP0uZyF4AHig==",
      "dev": true,
      "requires": {
        "@types/node": "*",
        "@types/qs": "*",
        "@types/range-parser": "*"
      }
    },
    "@types/koa": {
      "version": "file:../../node_modules/.pnpm/@types+koa@2.13.4/node_modules/@types/koa",
      "requires": {
        "@types/accepts": "*",
        "@types/content-disposition": "*",
        "@types/cookies": "*",
        "@types/http-assert": "*",
        "@types/http-errors": "*",
        "@types/keygrip": "*",
        "@types/koa-compose": "*",
        "@types/node": "*"
      }
    },
    "@types/koa-router": {
      "version": "file:../../node_modules/.pnpm/@types+koa-router@7.4.4/node_modules/@types/koa-router",
      "requires": {
        "@types/koa": "*"
      }
    },
    "@types/koa-static": {
      "version": "file:../../node_modules/.pnpm/@types+koa-static@4.0.2/node_modules/@types/koa-static",
      "requires": {
        "@types/koa": "*",
        "@types/koa-send": "*"
      }
    },
    "@types/mime": {
      "version": "1.3.2",
      "resolved": "https://registry.npmjs.org/@types/mime/-/mime-1.3.2.tgz",
      "integrity": "sha512-YATxVxgRqNH6nHEIsvg6k2Boc1JHI9ZbH5iWFFv/MTkchz3b1ieGDa5T0a9RznNdI0KhVbdbWSN+KWWrQZRxTw==",
      "dev": true
    },
    "@types/node": {
      "version": "17.0.31",
      "resolved": "https://registry.npmjs.org/@types/node/-/node-17.0.31.tgz",
      "integrity": "sha512-AR0x5HbXGqkEx9CadRH3EBYx/VkiUgZIhP4wvPn/+5KIsgpNoyFaRlVe0Zlx9gRtg8fA06a9tskE2MSN7TcG4Q==",
      "dev": true
    },
    "@types/qs": {
      "version": "6.9.7",
      "resolved": "https://registry.npmjs.org/@types/qs/-/qs-6.9.7.tgz",
      "integrity": "sha512-FGa1F62FT09qcrueBA6qYTrJPVDzah9a+493+o2PCXsesWHIn27G98TsSMs3WPNbZIEj4+VJf6saSFpvD+3Zsw==",
      "dev": true
    },
    "@types/range-parser": {
      "version": "1.2.4",
      "resolved": "https://registry.npmjs.org/@types/range-parser/-/range-parser-1.2.4.tgz",
      "integrity": "sha512-EEhsLsD6UsDM1yFhAvy0Cjr6VwmpMWqFBCb9w07wVugF7w9nfajxLuVmngTIpgS6svCnm6Vaw+MZhoDCKnOfsw==",
      "dev": true
    },
    "@types/serve-static": {
      "version": "1.13.10",
      "resolved": "https://registry.npmjs.org/@types/serve-static/-/serve-static-1.13.10.tgz",
      "integrity": "sha512-nCkHGI4w7ZgAdNkrEu0bv+4xNV/XDqW+DydknebMOQwkpDGx8G+HTlj7R7ABI8i8nKxVw0wtKPi1D+lPOkh4YQ==",
      "dev": true,
      "requires": {
        "@types/mime": "^1",
        "@types/node": "*"
      }
    },
    "@types/ws": {
      "version": "file:../../node_modules/.pnpm/@types+ws@8.5.3/node_modules/@types/ws",
      "requires": {
        "@types/node": "*"
      }
    },
    "commander": {
      "version": "file:../../node_modules/.pnpm/commander@9.2.0/node_modules/commander",
      "requires": {
        "@types/jest": "^27.0.3",
        "@types/node": "^16.11.15",
        "@typescript-eslint/eslint-plugin": "^4.33.0",
        "@typescript-eslint/parser": "^4.27.0",
        "eslint": "^7.29.0",
        "eslint-config-standard": "^16.0.3",
        "eslint-config-standard-with-typescript": "^21.0.1",
        "eslint-plugin-import": "^2.25.3",
        "eslint-plugin-jest": "^24.3.6",
        "eslint-plugin-node": "^11.1.0",
        "eslint-plugin-promise": "^5.2.0",
        "jest": "^27.0.4",
        "ts-jest": "^27.0.3",
        "tsd": "^0.17.0",
        "typescript": "^4.3.4"
      }
    },
    "express": {
      "version": "file:../../node_modules/.pnpm/express@4.18.1/node_modules/express",
      "requires": {
        "accepts": "~1.3.8",
        "after": "0.8.2",
        "array-flatten": "1.1.1",
        "body-parser": "1.20.0",
        "connect-redis": "3.4.2",
        "content-disposition": "0.5.4",
        "content-type": "~1.0.4",
        "cookie": "0.5.0",
        "cookie-parser": "1.4.6",
        "cookie-session": "2.0.0",
        "cookie-signature": "1.0.6",
        "debug": "2.6.9",
        "depd": "2.0.0",
        "ejs": "3.1.7",
        "encodeurl": "~1.0.2",
        "escape-html": "~1.0.3",
        "eslint": "7.32.0",
        "etag": "~1.8.1",
        "express-session": "1.17.2",
        "finalhandler": "1.2.0",
        "fresh": "0.5.2",
        "hbs": "4.2.0",
        "http-errors": "2.0.0",
        "marked": "0.7.0",
        "merge-descriptors": "1.0.1",
        "method-override": "3.0.0",
        "methods": "~1.1.2",
        "mocha": "9.2.2",
        "morgan": "1.10.0",
        "multiparty": "4.2.3",
        "nyc": "15.1.0",
        "on-finished": "2.4.1",
        "parseurl": "~1.3.3",
        "path-to-regexp": "0.1.7",
        "pbkdf2-password": "1.2.1",
        "proxy-addr": "~2.0.7",
        "qs": "6.10.3",
        "range-parser": "~1.2.1",
        "safe-buffer": "5.2.1",
        "send": "0.18.0",
        "serve-static": "1.15.0",
        "setprototypeof": "1.2.0",
        "statuses": "2.0.1",
        "supertest": "6.2.3",
        "type-is": "~1.6.18",
        "utils-merge": "1.0.1",
        "vary": "~1.1.2",
        "vhost": "~3.0.2"
      }
    },
    "koa": {
      "version": "file:../../node_modules/.pnpm/koa@2.13.4/node_modules/koa",
      "requires": {
        "accepts": "^1.3.5",
        "cache-content-type": "^1.0.0",
        "content-disposition": "~0.5.2",
        "content-type": "^1.0.4",
        "cookies": "~0.8.0",
        "debug": "^4.3.2",
        "delegates": "^1.0.0",
        "depd": "^2.0.0",
        "destroy": "^1.0.4",
        "encodeurl": "^1.0.2",
        "escape-html": "^1.0.3",
        "eslint": "^7.32.0",
        "eslint-config-koa": "^2.0.0",
        "eslint-config-standard": "^16.0.3",
        "eslint-plugin-import": "^2.18.2",
        "eslint-plugin-node": "^11.1.0",
        "eslint-plugin-promise": "^5.1.0",
        "eslint-plugin-standard": "^5.0.0",
        "fresh": "~0.5.2",
        "gen-esm-wrapper": "^1.0.6",
        "http-assert": "^1.3.0",
        "http-errors": "^1.6.3",
        "is-generator-function": "^1.0.7",
        "jest": "^27.0.6",
        "koa-compose": "^4.1.0",
        "koa-convert": "^2.0.0",
        "on-finished": "^2.3.0",
        "only": "~0.0.2",
        "parseurl": "^1.3.2",
        "statuses": "^1.5.0",
        "supertest": "^3.1.0",
        "type-is": "^1.6.16",
        "vary": "^1.1.2"
      }
    },
    "koa-history-api-fallback": {
      "version": "file:../../node_modules/.pnpm/koa-history-api-fallback@1.0.0/node_modules/koa-history-api-fallback"
    },
    "koa-router": {
      "version": "file:../../node_modules/.pnpm/koa-router@10.1.1/node_modules/koa-router",
      "requires": {
        "@ladjs/env": "^1.0.0",
        "debug": "^4.1.1",
        "expect.js": "^0.3.1",
        "http-errors": "^1.7.3",
        "jsdoc-to-markdown": "^5.0.3",
        "koa": "^2.11.0",
        "koa-compose": "^4.1.0",
        "methods": "^1.1.2",
        "mocha": "^7.0.1",
        "nyc": "^15.0.0",
        "path-to-regexp": "^6.1.0",
        "should": "^13.2.3",
        "supertest": "^4.0.2",
        "wrk": "^1.2.0"
      }
    },
    "koa-static": {
      "version": "file:../../node_modules/.pnpm/koa-static@5.0.0/node_modules/koa-static",
      "requires": {
        "debug": "^3.1.0",
        "eslint": "^4.19.1",
        "eslint-config-standard": "^11.0.0",
        "eslint-plugin-import": "^2.12.0",
        "eslint-plugin-node": "^6.0.1",
        "eslint-plugin-promise": "^3.8.0",
        "eslint-plugin-standard": "^3.1.0",
        "istanbul": "^0.4.5",
        "koa": "^2.5.1",
        "koa-send": "^5.0.0",
        "mocha": "^5.2.0",
        "supertest": "^3.1.0"
      }
    },
    "portfinder": {
      "version": "file:../../node_modules/.pnpm/portfinder@1.0.28/node_modules/portfinder",
      "requires": {
        "async": "^2.6.2",
        "debug": "^3.1.1",
        "glob": "^7.1.4",
        "mkdirp": "^0.5.5",
        "vows": "^0.8.2"
      }
    },
    "ws": {
      "version": "file:../../node_modules/.pnpm/ws@8.6.0/node_modules/ws",
      "requires": {
        "benchmark": "^2.1.4",
        "bufferutil": "^4.0.1",
        "eslint": "^8.0.0",
        "eslint-config-prettier": "^8.1.0",
        "eslint-plugin-prettier": "^4.0.0",
        "mocha": "^8.4.0",
        "nyc": "^15.0.0",
        "prettier": "^2.0.5",
        "utf-8-validate": "^5.0.2"
      }
    }
  }
}
